
Microsoft Visual Studio Solution File, Format Version 12.00
# Visual Studio Version 17
VisualStudioVersion = 17.10.35027.167
MinimumVisualStudioVersion = 10.0.40219.1
Project("{FAE04EC0-301F-11D3-BF4B-00C04F79EFBC}") = "BlazorApp1", "BlazorApp1\BlazorApp1.csproj", "{88E38649-C045-4218-A50E-809091F72FBB}"
EndProject
Global
	GlobalSection(SolutionConfigurationPlatforms) = preSolution
		Debug|Any CPU = Debug|Any CPU
		Release|Any CPU = Release|Any CPU
	EndGlobalSection
	GlobalSection(ProjectConfigurationPlatforms) = postSolution
		{88E38649-C045-4218-A50E-809091F72FBB}.Debug|Any CPU.ActiveCfg = Debug|Any CPU
		{88E38649-C045-4218-A50E-809091F72FBB}.Debug|Any CPU.Build.0 = Debug|Any CPU
		{88E38649-C045-4218-A50E-809091F72FBB}.Release|Any CPU.ActiveCfg = Release|Any CPU
		{88E38649-C045-4218-A50E-809091F72FBB}.Release|Any CPU.Build.0 = Release|Any CPU
	EndGlobalSection
	GlobalSection(SolutionProperties) = preSolution
		HideSolutionNode = FALSE
	EndGlobalSection
	GlobalSection(ExtensibilityGlobals) = postSolution
		SolutionGuid = {4C362E3B-5A7F-437D-A15A-7E72C2D21576}
	EndGlobalSection
EndGlobal
